
Microsoft Visual Studio Solution File, Format Version 12.00
# Visual Studio Version 16
VisualStudioVersion = 16.0.29728.190
MinimumVisualStudioVersion = 10.0.40219.1
Project("{FAE04EC0-301F-11D3-BF4B-00C04F79EFBC}") = "ArrayAppend_GUI", "ArrayAppend_GUI\ArrayAppend_GUI.csproj", "{C112CE06-B644-463C-973E-75918B3D9F21}"
EndProject
Global
	GlobalSection(SolutionConfigurationPlatforms) = preSolution
		Debug|Any CPU = Debug|Any CPU
		Release|Any CPU = Release|Any CPU
	EndGlobalSection
	GlobalSection(ProjectConfigurationPlatforms) = postSolution
		{C112CE06-B644-463C-973E-75918B3D9F21}.Debug|Any CPU.ActiveCfg = Debug|Any CPU
		{C112CE06-B644-463C-973E-75918B3D9F21}.Debug|Any CPU.Build.0 = Debug|Any CPU
		{C112CE06-B644-463C-973E-75918B3D9F21}.Release|Any CPU.ActiveCfg = Release|Any CPU
		{C112CE06-B644-463C-973E-75918B3D9F21}.Release|Any CPU.Build.0 = Release|Any CPU
	EndGlobalSection
	GlobalSection(SolutionProperties) = preSolution
		HideSolutionNode = FALSE
	EndGlobalSection
	GlobalSection(ExtensibilityGlobals) = postSolution
		SolutionGuid = {B5B337F8-7EC2-434B-9722-4563A90D160A}
	EndGlobalSection
EndGlobal
